// !$*UTF8*$!
{
	archiveVersion = 1;
	classes = {
	};
	objectVersion = 50;
	objects = {

/* Begin PBXBuildFile section */
		B90B421C25875F890029753A /* AppDelegate.swift in Sources */ = {isa = PBXBuildFile; fileRef = B90B421B25875F890029753A /* AppDelegate.swift */; };
		B90B421E25875F890029753A /* SceneDelegate.swift in Sources */ = {isa = PBXBuildFile; fileRef = B90B421D25875F890029753A /* SceneDelegate.swift */; };
		B90B422025875F890029753A /* ViewController.swift in Sources */ = {isa = PBXBuildFile; fileRef = B90B421F25875F890029753A /* ViewController.swift */; };
		B90B422325875F890029753A /* Main.storyboard in Resources */ = {isa = PBXBuildFile; fileRef = B90B422125875F890029753A /* Main.storyboard */; };
		B90B422525875F8A0029753A /* Assets.xcassets in Resources */ = {isa = PBXBuildFile; fileRef = B90B422425875F8A0029753A /* Assets.xcassets */; };
		B90B422825875F8A0029753A /* LaunchScreen.storyboard in Resources */ = {isa = PBXBuildFile; fileRef = B90B422625875F8A0029753A /* LaunchScreen.storyboard */; };
		B90B423325875F8B0029753A /* queueTestTests.swift in Sources */ = {isa = PBXBuildFile; fileRef = B90B423225875F8B0029753A /* queueTestTests.swift */; };
		B90B423E25875F8B0029753A /* queueTestUITests.swift in Sources */ = {isa = PBXBuildFile; fileRef = B90B423D25875F8B0029753A /* queueTestUITests.swift */; };
/* End PBXBuildFile section */

/* Begin PBXContainerItemProxy section */
		B90B422F25875F8B0029753A /* PBXContainerItemProxy */ = {
			isa = PBXContainerItemProxy;
			containerPortal = B90B421025875F890029753A /* Project object */;
			proxyType = 1;
			remoteGlobalIDString = B90B421725875F890029753A;
			remoteInfo = queueTest;
		};
		B90B423A25875F8B0029753A /* PBXContainerItemProxy */ = {
			isa = PBXContainerItemProxy;
			containerPortal = B90B421025875F890029753A /* Project object */;
			proxyType = 1;
			remoteGlobalIDString = B90B421725875F890029753A;
			remoteInfo = queueTest;
		};
/* End PBXContainerItemProxy section */

/* Begin PBXFileReference section */
		B90B421825875F890029753A /* queueTest.app */ = {isa = PBXFileReference; explicitFileType = wrapper.application; includeInIndex = 0; path = queueTest.app; sourceTree = BUILT_PRODUCTS_DIR; };
		B90B421B25875F890029753A /* AppDelegate.swift */ = {isa = PBXFileReference; lastKnownFileType = sourcecode.swift; path = AppDelegate.swift; sourceTree = "<group>"; };
		B90B421D25875F890029753A /* SceneDelegate.swift */ = {isa = PBXFileReference; lastKnownFileType = sourcecode.swift; path = SceneDelegate.swift; sourceTree = "<group>"; };
		B90B421F25875F890029753A /* ViewController.swift */ = {isa = PBXFileReference; lastKnownFileType = sourcecode.swift; path = ViewController.swift; sourceTree = "<group>"; };
		B90B422225875F890029753A /* Base */ = {isa = PBXFileReference; lastKnownFileType = file.storyboard; name = Base; path = Base.lproj/Main.storyboard; sourceTree = "<group>"; };
		B90B422425875F8A0029753A /* Assets.xcassets */ = {isa = PBXFileReference; lastKnownFileType = folder.assetcatalog; path = Assets.xcassets; sourceTree = "<group>"; };
		B90B422725875F8A0029753A /* Base */ = {isa = PBXFileReference; lastKnownFileType = file.storyboard; name = Base; path = Base.lproj/LaunchScreen.storyboard; sourceTree = "<group>"; };
		B90B422925875F8A0029753A /* Info.plist */ = {isa = PBXFileReference; lastKnownFileType = text.plist.xml; path = Info.plist; sourceTree = "<group>"; };
		B90B422E25875F8B0029753A /* queueTestTests.xctest */ = {isa = PBXFileReference; explicitFileType = wrapper.cfbundle; includeInIndex = 0; path = queueTestTests.xctest; sourceTree = BUILT_PRODUCTS_DIR; };
		B90B423225875F8B0029753A /* queueTestTests.swift */ = {isa = PBXFileReference; lastKnownFileType = sourcecode.swift; path = queueTestTests.swift; sourceTree = "<group>"; };
		B90B423425875F8B0029753A /* Info.plist */ = {isa = PBXFileReference; lastKnownFileType = text.plist.xml; path = Info.plist; sourceTree = "<group>"; };
		B90B423925875F8B0029753A /* queueTestUITests.xctest */ = {isa = PBXFileReference; explicitFileType = wrapper.cfbundle; includeInIndex = 0; path = queueTestUITests.xctest; sourceTree = BUILT_PRODUCTS_DIR; };
		B90B423D25875F8B0029753A /* queueTestUITests.swift */ = {isa = PBXFileReference; lastKnownFileType = sourcecode.swift; path = queueTestUITests.swift; sourceTree = "<group>"; };
		B90B423F25875F8B0029753A /* Info.plist */ = {isa = PBXFileReference; lastKnownFileType = text.plist.xml; path = Info.plist; sourceTree = "<group>"; };
/* End PBXFileReference section */

/* Begin PBXFrameworksBuildPhase section */
		B90B421525875F890029753A /* Frameworks */ = {
			isa = PBXFrameworksBuildPhase;
			buildActionMask = 2147483647;
			files = (
			);
			runOnlyForDeploymentPostprocessing = 0;
		};
		B90B422B25875F8B0029753A /* Frameworks */ = {
			isa = PBXFrameworksBuildPhase;
			buildActionMask = 2147483647;
			files = (
			);
			runOnlyForDeploymentPostprocessing = 0;
		};
		B90B423625875F8B0029753A /* Frameworks */ = {
			isa = PBXFrameworksBuildPhase;
			buildActionMask = 2147483647;
			files = (
			);
			runOnlyForDeploymentPostprocessing = 0;
		};
/* End PBXFrameworksBuildPhase section */

/* Begin PBXGroup section */
		B90B420F25875F890029753A = {
			isa = PBXGroup;
			children = (
				B90B421A25875F890029753A /* queueTest */,
				B90B423125875F8B0029753A /* queueTestTests */,
				B90B423C25875F8B0029753A /* queueTestUITests */,
				B90B421925875F890029753A /* Products */,
			);
			sourceTree = "<group>";
		};
		B90B421925875F890029753A /* Products */ = {
			isa = PBXGroup;
			children = (
				B90B421825875F890029753A /* queueTest.app */,
				B90B422E25875F8B0029753A /* queueTestTests.xctest */,
				B90B423925875F8B0029753A /* queueTestUITests.xctest */,
			);
			name = Products;
			sourceTree = "<group>";
		};
		B90B421A25875F890029753A /* queueTest */ = {
			isa = PBXGroup;
			children = (
				B90B421B25875F890029753A /* AppDelegate.swift */,
				B90B421D25875F890029753A /* SceneDelegate.swift */,
				B90B421F25875F890029753A /* ViewController.swift */,
				B90B422125875F890029753A /* Main.storyboard */,
				B90B422425875F8A0029753A /* Assets.xcassets */,
				B90B422625875F8A0029753A /* LaunchScreen.storyboard */,
				B90B422925875F8A0029753A /* Info.plist */,
			);
			path = queueTest;
			sourceTree = "<group>";
		};
		B90B423125875F8B0029753A /* queueTestTests */ = {
			isa = PBXGroup;
			children = (
				B90B423225875F8B0029753A /* queueTestTests.swift */,
				B90B423425875F8B0029753A /* Info.plist */,
			);
			path = queueTestTests;
			sourceTree = "<group>";
		};
		B90B423C25875F8B0029753A /* queueTestUITests */ = {
			isa = PBXGroup;
			children = (
				B90B423D25875F8B0029753A /* queueTestUITests.swift */,
				B90B423F25875F8B0029753A /* Info.plist */,
			);
			path = queueTestUITests;
			sourceTree = "<group>";
		};
/* End PBXGroup section */

/* Begin PBXNativeTarget section */
		B90B421725875F890029753A /* queueTest */ = {
			isa = PBXNativeTarget;
			buildConfigurationList = B90B424225875F8B0029753A /* Build configuration list for PBXNativeTarget "queueTest" */;
			buildPhases = (
				B90B421425875F890029753A /* Sources */,
				B90B421525875F890029753A /* Frameworks */,
				B90B421625875F890029753A /* Resources */,
			);
			buildRules = (
			);
			dependencies = (
			);
			name = queueTest;
			productName = queueTest;
			productReference = B90B421825875F890029753A /* queueTest.app */;
			productType = "com.apple.product-type.application";
		};
		B90B422D25875F8B0029753A /* queueTestTests */ = {
			isa = PBXNativeTarget;
			buildConfigurationList = B90B424525875F8B0029753A /* Build configuration list for PBXNativeTarget "queueTestTests" */;
			buildPhases = (
				B90B422A25875F8B0029753A /* Sources */,
				B90B422B25875F8B0029753A /* Frameworks */,
				B90B422C25875F8B0029753A /* Resources */,
			);
			buildRules = (
			);
			dependencies = (
				B90B423025875F8B0029753A /* PBXTargetDependency */,
			);
			name = queueTestTests;
			productName = queueTestTests;
			productReference = B90B422E25875F8B0029753A /* queueTestTests.xctest */;
			productType = "com.apple.product-type.bundle.unit-test";
		};
		B90B423825875F8B0029753A /* queueTestUITests */ = {
			isa = PBXNativeTarget;
			buildConfigurationList = B90B424825875F8B0029753A /* Build configuration list for PBXNativeTarget "queueTestUITests" */;
			buildPhases = (
				B90B423525875F8B0029753A /* Sources */,
				B90B423625875F8B0029753A /* Frameworks */,
				B90B423725875F8B0029753A /* Resources */,
			);
			buildRules = (
			);
			dependencies = (
				B90B423B25875F8B0029753A /* PBXTargetDependency */,
			);
			name = queueTestUITests;
			productName = queueTestUITests;
			productReference = B90B423925875F8B0029753A /* queueTestUITests.xctest */;
			productType = "com.apple.product-type.bundle.ui-testing";
		};
/* End PBXNativeTarget section */

/* Begin PBXProject section */
		B90B421025875F890029753A /* Project object */ = {
			isa = PBXProject;
			attributes = {
				LastSwiftUpdateCheck = 1220;
				LastUpgradeCheck = 1220;
				TargetAttributes = {
					B90B421725875F890029753A = {
						CreatedOnToolsVersion = 12.2;
					};
					B90B422D25875F8B0029753A = {
						CreatedOnToolsVersion = 12.2;
						TestTargetID = B90B421725875F890029753A;
					};
					B90B423825875F8B0029753A = {
						CreatedOnToolsVersion = 12.2;
						TestTargetID = B90B421725875F890029753A;
					};
				};
			};
			buildConfigurationList = B90B421325875F890029753A /* Build configuration list for PBXProject "queueTest" */;
			compatibilityVersion = "Xcode 9.3";
			developmentRegion = en;
			hasScannedForEncodings = 0;
			knownRegions = (
				en,
				Base,
			);
			mainGroup = B90B420F25875F890029753A;
			productRefGroup = B90B421925875F890029753A /* Products */;
			projectDirPath = "";
			projectRoot = "";
			targets = (
				B90B421725875F890029753A /* queueTest */,
				B90B422D25875F8B0029753A /* queueTestTests */,
				B90B423825875F8B0029753A /* queueTestUITests */,
			);
		};
/* End PBXProject section */

/* Begin PBXResourcesBuildPhase section */
		B90B421625875F890029753A /* Resources */ = {
			isa = PBXResourcesBuildPhase;
			buildActionMask = 2147483647;
			files = (
				B90B422825875F8A0029753A /* LaunchScreen.storyboard in Resources */,
				B90B422525875F8A0029753A /* Assets.xcassets in Resources */,
				B90B422325875F890029753A /* Main.storyboard in Resources */,
			);
			runOnlyForDeploymentPostprocessing = 0;
		};
		B90B422C25875F8B0029753A /* Resources */ = {
			isa = PBXResourcesBuildPhase;
			buildActionMask = 2147483647;
			files = (
			);
			runOnlyForDeploymentPostprocessing = 0;
		};
		B90B423725875F8B0029753A /* Resources */ = {
			isa = PBXResourcesBuildPhase;
			buildActionMask = 2147483647;
			files = (
			);
			runOnlyForDeploymentPostprocessing = 0;
		};
/* End PBXResourcesBuildPhase section */

/* Begin PBXSourcesBuildPhase section */
		B90B421425875F890029753A /* Sources */ = {
			isa = PBXSourcesBuildPhase;
			buildActionMask = 2147483647;
			files = (
				B90B422025875F890029753A /* ViewController.swift in Sources */,
				B90B421C25875F890029753A /* AppDelegate.swift in Sources */,
				B90B421E25875F890029753A /* SceneDelegate.swift in Sources */,
			);
			runOnlyForDeploymentPostprocessing = 0;
		};
		B90B422A25875F8B0029753A /* Sources */ = {
			isa = PBXSourcesBuildPhase;
			buildActionMask = 2147483647;
			files = (
				B90B423325875F8B0029753A /* queueTestTests.swift in Sources */,
			);
			runOnlyForDeploymentPostprocessing = 0;
		};
		B90B423525875F8B0029753A /* Sources */ = {
			isa = PBXSourcesBuildPhase;
			buildActionMask = 2147483647;
			files = (
				B90B423E25875F8B0029753A /* queueTestUITests.swift in Sources */,
			);
			runOnlyForDeploymentPostprocessing = 0;
		};
/* End PBXSourcesBuildPhase section */

/* Begin PBXTargetDependency section */
		B90B423025875F8B0029753A /* PBXTargetDependency */ = {
			isa = PBXTargetDependency;
			target = B90B421725875F890029753A /* queueTest */;
			targetProxy = B90B422F25875F8B0029753A /* PBXContainerItemProxy */;
		};
		B90B423B25875F8B0029753A /* PBXTargetDependency */ = {
			isa = PBXTargetDependency;
			target = B90B421725875F890029753A /* queueTest */;
			targetProxy = B90B423A25875F8B0029753A /* PBXContainerItemProxy */;
		};
/* End PBXTargetDependency section */

/* Begin PBXVariantGroup section */
		B90B422125875F890029753A /* Main.storyboard */ = {
			isa = PBXVariantGroup;
			children = (
				B90B422225875F890029753A /* Base */,
			);
			name = Main.storyboard;
			sourceTree = "<group>";
		};
		B90B422625875F8A0029753A /* LaunchScreen.storyboard */ = {
			isa = PBXVariantGroup;
			children = (
				B90B422725875F8A0029753A /* Base */,
			);
			name = LaunchScreen.storyboard;
			sourceTree = "<group>";
		};
/* End PBXVariantGroup section */

/* Begin XCBuildConfiguration section */
		B90B424025875F8B0029753A /* Debug */ = {
			isa = XCBuildConfiguration;
			buildSettings = {
				ALWAYS_SEARCH_USER_PATHS = NO;
				CLANG_ANALYZER_NONNULL = YES;
				CLANG_ANALYZER_NUMBER_OBJECT_CONVERSION = YES_AGGRESSIVE;
				CLANG_CXX_LANGUAGE_STANDARD = "gnu++14";
				CLANG_CXX_LIBRARY = "libc++";
				CLANG_ENABLE_MODULES = YES;
				CLANG_ENABLE_OBJC_ARC = YES;
				CLANG_ENABLE_OBJC_WEAK = YES;
				CLANG_WARN_BLOCK_CAPTURE_AUTORELEASING = YES;
				CLANG_WARN_BOOL_CONVERSION = YES;
				CLANG_WARN_COMMA = YES;
				CLANG_WARN_CONSTANT_CONVERSION = YES;
				CLANG_WARN_DEPRECATED_OBJC_IMPLEMENTATIONS = YES;
				CLANG_WARN_DIRECT_OBJC_ISA_USAGE = YES_ERROR;
				CLANG_WARN_DOCUMENTATION_COMMENTS = YES;
				CLANG_WARN_EMPTY_BODY = YES;
				CLANG_WARN_ENUM_CONVERSION = YES;
				CLANG_WARN_INFINITE_RECURSION = YES;
				CLANG_WARN_INT_CONVERSION = YES;
				CLANG_WARN_NON_LITERAL_NULL_CONVERSION = YES;
				CLANG_WARN_OBJC_IMPLICIT_RETAIN_SELF = YES;
				CLANG_WARN_OBJC_LITERAL_CONVERSION = YES;
				CLANG_WARN_OBJC_ROOT_CLASS = YES_ERROR;
				CLANG_WARN_QUOTED_INCLUDE_IN_FRAMEWORK_HEADER = YES;
				CLANG_WARN_RANGE_LOOP_ANALYSIS = YES;
				CLANG_WARN_STRICT_PROTOTYPES = YES;
				CLANG_WARN_SUSPICIOUS_MOVE = YES;
				CLANG_WARN_UNGUARDED_AVAILABILITY = YES_AGGRESSIVE;
				CLANG_WARN_UNREACHABLE_CODE = YES;
				CLANG_WARN__DUPLICATE_METHOD_MATCH = YES;
				COPY_PHASE_STRIP = NO;
				DEBUG_INFORMATION_FORMAT = dwarf;
				ENABLE_STRICT_OBJC_MSGSEND = YES;
				ENABLE_TESTABILITY = YES;
				GCC_C_LANGUAGE_STANDARD = gnu11;
				GCC_DYNAMIC_NO_PIC = NO;
				GCC_NO_COMMON_BLOCKS = YES;
				GCC_OPTIMIZATION_LEVEL = 0;
				GCC_PREPROCESSOR_DEFINITIONS = (
					"DEBUG=1",
					"$(inherited)",
				);
				GCC_WARN_64_TO_32_BIT_CONVERSION = YES;
				GCC_WARN_ABOUT_RETURN_TYPE = YES_ERROR;
				GCC_WARN_UNDECLARED_SELECTOR = YES;
				GCC_WARN_UNINITIALIZED_AUTOS = YES_AGGRESSIVE;
				GCC_WARN_UNUSED_FUNCTION = YES;
				GCC_WARN_UNUSED_VARIABLE = YES;
				IPHONEOS_DEPLOYMENT_TARGET = 14.2;
				MTL_ENABLE_DEBUG_INFO = INCLUDE_SOURCE;
				MTL_FAST_MATH = YES;
				ONLY_ACTIVE_ARCH = YES;
				SDKROOT = iphoneos;
				SWIFT_ACTIVE_COMPILATION_CONDITIONS = DEBUG;
				SWIFT_OPTIMIZATION_LEVEL = "-Onone";
			};
			name = Debug;
		};
		B90B424125875F8B0029753A /* Release */ = {
			isa = XCBuildConfiguration;
			buildSettings = {
				ALWAYS_SEARCH_USER_PATHS = NO;
				CLANG_ANALYZER_NONNULL = YES;
				CLANG_ANALYZER_NUMBER_OBJECT_CONVERSION = YES_AGGRESSIVE;
				CLANG_CXX_LANGUAGE_STANDARD = "gnu++14";
				CLANG_CXX_LIBRARY = "libc++";
				CLANG_ENABLE_MODULES = YES;
				CLANG_ENABLE_OBJC_ARC = YES;
				CLANG_ENABLE_OBJC_WEAK = YES;
				CLANG_WARN_BLOCK_CAPTURE_AUTORELEASING = YES;
				CLANG_WARN_BOOL_CONVERSION = YES;
				CLANG_WARN_COMMA = YES;
				CLANG_WARN_CONSTANT_CONVERSION = YES;
				CLANG_WARN_DEPRECATED_OBJC_IMPLEMENTATIONS = YES;
				CLANG_WARN_DIRECT_OBJC_ISA_USAGE = YES_ERROR;
				CLANG_WARN_DOCUMENTATION_COMMENTS = YES;
				CLANG_WARN_EMPTY_BODY = YES;
				CLANG_WARN_ENUM_CONVERSION = YES;
				CLANG_WARN_INFINITE_RECURSION = YES;
				CLANG_WARN_INT_CONVERSION = YES;
				CLANG_WARN_NON_LITERAL_NULL_CONVERSION = YES;
				CLANG_WARN_OBJC_IMPLICIT_RETAIN_SELF = YES;
				CLANG_WARN_OBJC_LITERAL_CONVERSION = YES;
				CLANG_WARN_OBJC_ROOT_CLASS = YES_ERROR;
				CLANG_WARN_QUOTED_INCLUDE_IN_FRAMEWORK_HEADER = YES;
				CLANG_WARN_RANGE_LOOP_ANALYSIS = YES;
				CLANG_WARN_STRICT_PROTOTYPES = YES;
				CLANG_WARN_SUSPICIOUS_MOVE = YES;
				CLANG_WARN_UNGUARDED_AVAILABILITY = YES_AGGRESSIVE;
				CLANG_WARN_UNREACHABLE_CODE = YES;
				CLANG_WARN__DUPLICATE_METHOD_MATCH = YES;
				COPY_PHASE_STRIP = NO;
				DEBUG_INFORMATION_FORMAT = "dwarf-with-dsym";
				ENABLE_NS_ASSERTIONS = NO;
				ENABLE_STRICT_OBJC_MSGSEND = YES;
				GCC_C_LANGUAGE_STANDARD = gnu11;
				GCC_NO_COMMON_BLOCKS = YES;
				GCC_WARN_64_TO_32_BIT_CONVERSION = YES;
				GCC_WARN_ABOUT_RETURN_TYPE = YES_ERROR;
				GCC_WARN_UNDECLARED_SELECTOR = YES;
				GCC_WARN_UNINITIALIZED_AUTOS = YES_AGGRESSIVE;
				GCC_WARN_UNUSED_FUNCTION = YES;
				GCC_WARN_UNUSED_VARIABLE = YES;
				IPHONEOS_DEPLOYMENT_TARGET = 14.2;
				MTL_ENABLE_DEBUG_INFO = NO;
				MTL_FAST_MATH = YES;
				SDKROOT = iphoneos;
				SWIFT_COMPILATION_MODE = wholemodule;
				SWIFT_OPTIMIZATION_LEVEL = "-O";
				VALIDATE_PRODUCT = YES;
			};
			name = Release;
		};
		B90B424325875F8B0029753A /* Debug */ = {
			isa = XCBuildConfiguration;
			buildSettings = {
				ASSETCATALOG_COMPILER_APPICON_NAME = AppIcon;
				ASSETCATALOG_COMPILER_GLOBAL_ACCENT_COLOR_NAME = AccentColor;
				CODE_SIGN_STYLE = Automatic;
				INFOPLIST_FILE = queueTest/Info.plist;
				LD_RUNPATH_SEARCH_PATHS = (
					"$(inherited)",
					"@executable_path/Frameworks",
				);
				PRODUCT_BUNDLE_IDENTIFIER = TwoPigs.queueTest;
				PRODUCT_NAME = "$(TARGET_NAME)";
				SWIFT_VERSION = 5.0;
				TARGETED_DEVICE_FAMILY = "1,2";
			};
			name = Debug;
		};
		B90B424425875F8B0029753A /* Release */ = {
			isa = XCBuildConfiguration;
			buildSettings = {
				ASSETCATALOG_COMPILER_APPICON_NAME = AppIcon;
				ASSETCATALOG_COMPILER_GLOBAL_ACCENT_COLOR_NAME = AccentColor;
				CODE_SIGN_STYLE = Automatic;
				INFOPLIST_FILE = queueTest/Info.plist;
				LD_RUNPATH_SEARCH_PATHS = (
					"$(inherited)",
					"@executable_path/Frameworks",
				);
				PRODUCT_BUNDLE_IDENTIFIER = TwoPigs.queueTest;
				PRODUCT_NAME = "$(TARGET_NAME)";
				SWIFT_VERSION = 5.0;
				TARGETED_DEVICE_FAMILY = "1,2";
			};
			name = Release;
		};
		B90B424625875F8B0029753A /* Debug */ = {
			isa = XCBuildConfiguration;
			buildSettings = {
				ALWAYS_EMBED_SWIFT_STANDARD_LIBRARIES = YES;
				BUNDLE_LOADER = "$(TEST_HOST)";
				CODE_SIGN_STYLE = Automatic;
				INFOPLIST_FILE = queueTestTests/Info.plist;
				IPHONEOS_DEPLOYMENT_TARGET = 14.2;
				LD_RUNPATH_SEARCH_PATHS = (
					"$(inherited)",
					"@executable_path/Frameworks",
					"@loader_path/Frameworks",
				);
				PRODUCT_BUNDLE_IDENTIFIER = TwoPigs.queueTestTests;
				PRODUCT_NAME = "$(TARGET_NAME)";
				SWIFT_VERSION = 5.0;
				TARGETED_DEVICE_FAMILY = "1,2";
				TEST_HOST = "$(BUILT_PRODUCTS_DIR)/queueTest.app/queueTest";
			};
			name = Debug;
		};
		B90B424725875F8B0029753A /* Release */ = {
			isa = XCBuildConfiguration;
			buildSettings = {
				ALWAYS_EMBED_SWIFT_STANDARD_LIBRARIES = YES;
				BUNDLE_LOADER = "$(TEST_HOST)";
				CODE_SIGN_STYLE = Automatic;
				INFOPLIST_FILE = queueTestTests/Info.plist;
				IPHONEOS_DEPLOYMENT_TARGET = 14.2;
				LD_RUNPATH_SEARCH_PATHS = (
					"$(inherited)",
					"@executable_path/Frameworks",
					"@loader_path/Frameworks",
				);
				PRODUCT_BUNDLE_IDENTIFIER = TwoPigs.queueTestTests;
				PRODUCT_NAME = "$(TARGET_NAME)";
				SWIFT_VERSION = 5.0;
				TARGETED_DEVICE_FAMILY = "1,2";
				TEST_HOST = "$(BUILT_PRODUCTS_DIR)/queueTest.app/queueTest";
			};
			name = Release;
		};
		B90B424925875F8B0029753A /* Debug */ = {
			isa = XCBuildConfiguration;
			buildSettings = {
				ALWAYS_EMBED_SWIFT_STANDARD_LIBRARIES = YES;
				CODE_SIGN_STYLE = Automatic;
				INFOPLIST_FILE = queueTestUITests/Info.plist;
				LD_RUNPATH_SEARCH_PATHS = (
					"$(inherited)",
					"@executable_path/Frameworks",
					"@loader_path/Frameworks",
				);
				PRODUCT_BUNDLE_IDENTIFIER = TwoPigs.queueTestUITests;
				PRODUCT_NAME = "$(TARGET_NAME)";
				SWIFT_VERSION = 5.0;
				TARGETED_DEVICE_FAMILY = "1,2";
				TEST_TARGET_NAME = queueTest;
			};
			name = Debug;
		};
		B90B424A25875F8B0029753A /* Release */ = {
			isa = XCBuildConfiguration;
			buildSettings = {
				ALWAYS_EMBED_SWIFT_STANDARD_LIBRARIES = YES;
				CODE_SIGN_STYLE = Automatic;
				INFOPLIST_FILE = queueTestUITests/Info.plist;
				LD_RUNPATH_SEARCH_PATHS = (
					"$(inherited)",
					"@executable_path/Frameworks",
					"@loader_path/Frameworks",
				);
				PRODUCT_BUNDLE_IDENTIFIER = TwoPigs.queueTestUITests;
				PRODUCT_NAME = "$(TARGET_NAME)";
				SWIFT_VERSION = 5.0;
				TARGETED_DEVICE_FAMILY = "1,2";
				TEST_TARGET_NAME = queueTest;
			};
			name = Release;
		};
/* End XCBuildConfiguration section */

/* Begin XCConfigurationList section */
		B90B421325875F890029753A /* Build configuration list for PBXProject "queueTest" */ = {
			isa = XCConfigurationList;
			buildConfigurations = (
				B90B424025875F8B0029753A /* Debug */,
				B90B424125875F8B0029753A /* Release */,
			);
			defaultConfigurationIsVisible = 0;
			defaultConfigurationName = Release;
		};
		B90B424225875F8B0029753A /* Build configuration list for PBXNativeTarget "queueTest" */ = {
			isa = XCConfigurationList;
			buildConfigurations = (
				B90B424325875F8B0029753A /* Debug */,
				B90B424425875F8B0029753A /* Release */,
			);
			defaultConfigurationIsVisible = 0;
			defaultConfigurationName = Release;
		};
		B90B424525875F8B0029753A /* Build configuration list for PBXNativeTarget "queueTestTests" */ = {
			isa = XCConfigurationList;
			buildConfigurations = (
				B90B424625875F8B0029753A /* Debug */,
				B90B424725875F8B0029753A /* Release */,
			);
			defaultConfigurationIsVisible = 0;
			defaultConfigurationName = Release;
		};
		B90B424825875F8B0029753A /* Build configuration list for PBXNativeTarget "queueTestUITests" */ = {
			isa = XCConfigurationList;
			buildConfigurations = (
				B90B424925875F8B0029753A /* Debug */,
				B90B424A25875F8B0029753A /* Release */,
			);
			defaultConfigurationIsVisible = 0;
			defaultConfigurationName = Release;
		};
/* End XCConfigurationList section */
	};
	rootObject = B90B421025875F890029753A /* Project object */;
}
